
Microsoft Visual Studio Solution File, Format Version 12.00
# Visual Studio Version 17
VisualStudioVersion = 17.9.34607.119
MinimumVisualStudioVersion = 10.0.40219.1
Project("{FAE04EC0-301F-11D3-BF4B-00C04F79EFBC}") = "ConsoleApp1", "ConsoleApp1\ConsoleApp1.csproj", "{96EBD430-2DA6-4BB5-87AA-9E0814B2B225}"
EndProject
Global
	GlobalSection(SolutionConfigurationPlatforms) = preSolution
		Debug|Any CPU = Debug|Any CPU
		Release|Any CPU = Release|Any CPU
	EndGlobalSection
	GlobalSection(ProjectConfigurationPlatforms) = postSolution
		{96EBD430-2DA6-4BB5-87AA-9E0814B2B225}.Debug|Any CPU.ActiveCfg = Debug|Any CPU
		{96EBD430-2DA6-4BB5-87AA-9E0814B2B225}.Debug|Any CPU.Build.0 = Debug|Any CPU
		{96EBD430-2DA6-4BB5-87AA-9E0814B2B225}.Release|Any CPU.ActiveCfg = Release|Any CPU
		{96EBD430-2DA6-4BB5-87AA-9E0814B2B225}.Release|Any CPU.Build.0 = Release|Any CPU
	EndGlobalSection
	GlobalSection(SolutionProperties) = preSolution
		HideSolutionNode = FALSE
	EndGlobalSection
	GlobalSection(ExtensibilityGlobals) = postSolution
		SolutionGuid = {E4F14EF6-591F-44E8-AB7D-67C6DE69611C}
	EndGlobalSection
EndGlobal
